<Solution>
  <Folder Name="/src/">
    <Project Path="src/CredentialManager.CLI/CredentialManager.CLI.csproj" />
    <Project Path="src/CredentialManager.Server/CredentialManager.Server.csproj" />
    <Project Path="src/CredentialManager/CredentialManager.csproj" />
  </Folder>
  <Folder Name="/tests/">
    <Project Path="tests/CredentialManager.Tests/CredentialManager.Tests.csproj" />
  </Folder>
</Solution>
