<Solution>
  <Folder Name="/src/">
    <Project Path="src/CredentialVault.ConfigMigrator/CredentialVault.ConfigMigrator.csproj" />
    <Project Path="src/CredentialVault.Core/CredentialVault.Core.csproj" />
  </Folder>
  <Folder Name="/tests/">
    <Project Path="tests/CredentialVault.Tests/CredentialVault.Tests.csproj" />
  </Folder>
</Solution>
